PODS:
  - Flutter (1.0.0)
  - "permission_handler (5.0.1+1)":
    - Flutter
  - shared_preferences (0.0.1):
    - Flutter
  - zego_express_engine (2.2.0):
    - Flutter
    - ZegoExpressEngine (= 2.2.0)
  - ZegoExpressEngine (2.2.0):
    - ZegoExpressEngine/Video (= 2.2.0)
  - ZegoExpressEngine/Video (2.2.0)

DEPENDENCIES:
  - Flutter (from `Flutter`)
  - permission_handler (from `.symlinks/plugins/permission_handler/ios`)
  - shared_preferences (from `.symlinks/plugins/shared_preferences/ios`)
  - zego_express_engine (from `.symlinks/plugins/zego_express_engine/ios`)

SPEC REPOS:
  trunk:
    - ZegoExpressEngine

EXTERNAL SOURCES:
  Flutter:
    :path: Flutter
  permission_handler:
    :path: ".symlinks/plugins/permission_handler/ios"
  shared_preferences:
    :path: ".symlinks/plugins/shared_preferences/ios"
  zego_express_engine:
    :path: ".symlinks/plugins/zego_express_engine/ios"

SPEC CHECKSUMS:
  Flutter: 0e3d915762c693b495b44d77113d4970485de6ec
  permission_handler: eac8e15b4a1a3fba55b761d19f3f4e6b005d15b6
  shared_preferences: af6bfa751691cdc24be3045c43ec037377ada40d
  zego_express_engine: 8d54d327a3bc9258ab96d6518d94a663be0ad5b6
  ZegoExpressEngine: 8d2ddb8e0d7e05a4db11c35a2b1a851a45ed0679

PODFILE CHECKSUM: 8e679eca47255a8ca8067c4c67aab20e64cb974d

COCOAPODS: 1.10.1
